
Microsoft Visual Studio Solution File, Format Version 12.00
# Visual Studio Version 16
VisualStudioVersion = 16.0.30204.135
MinimumVisualStudioVersion = 10.0.40219.1
Project("{FAE04EC0-301F-11D3-BF4B-00C04F79EFBC}") = "Lab2_4VarSyntaxConsoleApp", "Lab2_4VarSyntaxConsoleApp.csproj", "{2896A533-A77C-44AC-B3A9-50C084B0C8E7}"
EndProject
Global
	GlobalSection(SolutionConfigurationPlatforms) = preSolution
		Debug|Any CPU = Debug|Any CPU
		Release|Any CPU = Release|Any CPU
	EndGlobalSection
	GlobalSection(ProjectConfigurationPlatforms) = postSolution
		{2896A533-A77C-44AC-B3A9-50C084B0C8E7}.Debug|Any CPU.ActiveCfg = Debug|Any CPU
		{2896A533-A77C-44AC-B3A9-50C084B0C8E7}.Debug|Any CPU.Build.0 = Debug|Any CPU
		{2896A533-A77C-44AC-B3A9-50C084B0C8E7}.Release|Any CPU.ActiveCfg = Release|Any CPU
		{2896A533-A77C-44AC-B3A9-50C084B0C8E7}.Release|Any CPU.Build.0 = Release|Any CPU
	EndGlobalSection
	GlobalSection(SolutionProperties) = preSolution
		HideSolutionNode = FALSE
	EndGlobalSection
	GlobalSection(ExtensibilityGlobals) = postSolution
		SolutionGuid = {F0AB48CC-AC36-4F64-B3AB-F01F6EE7F9F7}
	EndGlobalSection
EndGlobal
